
Microsoft Visual Studio Solution File, Format Version 12.00
# Visual Studio Version 17
VisualStudioVersion = 17.14.36127.28 d17.14
MinimumVisualStudioVersion = 10.0.40219.1
Project("{FAE04EC0-301F-11D3-BF4B-00C04F79EFBC}") = "Xproject.UI", "Xproject.UI\Xproject.UI.csproj", "{10CCFE98-05F5-4AD1-9C05-CEDCBF0F15A3}"
EndProject
Global
	GlobalSection(SolutionConfigurationPlatforms) = preSolution
		Debug|Any CPU = Debug|Any CPU
		Release|Any CPU = Release|Any CPU
	EndGlobalSection
	GlobalSection(ProjectConfigurationPlatforms) = postSolution
		{10CCFE98-05F5-4AD1-9C05-CEDCBF0F15A3}.Debug|Any CPU.ActiveCfg = Debug|Any CPU
		{10CCFE98-05F5-4AD1-9C05-CEDCBF0F15A3}.Debug|Any CPU.Build.0 = Debug|Any CPU
		{10CCFE98-05F5-4AD1-9C05-CEDCBF0F15A3}.Release|Any CPU.ActiveCfg = Release|Any CPU
		{10CCFE98-05F5-4AD1-9C05-CEDCBF0F15A3}.Release|Any CPU.Build.0 = Release|Any CPU
	EndGlobalSection
	GlobalSection(SolutionProperties) = preSolution
		HideSolutionNode = FALSE
	EndGlobalSection
	GlobalSection(ExtensibilityGlobals) = postSolution
		SolutionGuid = {807DCF6E-4201-45F5-8BFA-09876131A090}
	EndGlobalSection
EndGlobal
